
Microsoft Visual Studio Solution File, Format Version 12.00
# Visual Studio Version 17
VisualStudioVersion = 17.7.34202.233
MinimumVisualStudioVersion = 10.0.40219.1
Project("{8BC9CEB8-8B4A-11D0-8D11-00A0C91BC942}") = "OpenGLViewer", "OpenGLViewer\OpenGLViewer.vcxproj", "{F0A1FF51-CD6A-4B4A-B8AC-D9DDECA5B0E5}"
EndProject
Global
	GlobalSection(SolutionConfigurationPlatforms) = preSolution
		Debug|x64 = Debug|x64
		Debug|x86 = Debug|x86
		Release|x64 = Release|x64
		Release|x86 = Release|x86
	EndGlobalSection
	GlobalSection(ProjectConfigurationPlatforms) = postSolution
		{F0A1FF51-CD6A-4B4A-B8AC-D9DDECA5B0E5}.Debug|x64.ActiveCfg = Debug|x64
		{F0A1FF51-CD6A-4B4A-B8AC-D9DDECA5B0E5}.Debug|x64.Build.0 = Debug|x64
		{F0A1FF51-CD6A-4B4A-B8AC-D9DDECA5B0E5}.Debug|x86.ActiveCfg = Debug|Win32
		{F0A1FF51-CD6A-4B4A-B8AC-D9DDECA5B0E5}.Debug|x86.Build.0 = Debug|Win32
		{F0A1FF51-CD6A-4B4A-B8AC-D9DDECA5B0E5}.Release|x64.ActiveCfg = Release|x64
		{F0A1FF51-CD6A-4B4A-B8AC-D9DDECA5B0E5}.Release|x64.Build.0 = Release|x64
		{F0A1FF51-CD6A-4B4A-B8AC-D9DDECA5B0E5}.Release|x86.ActiveCfg = Release|Win32
		{F0A1FF51-CD6A-4B4A-B8AC-D9DDECA5B0E5}.Release|x86.Build.0 = Release|Win32
	EndGlobalSection
	GlobalSection(SolutionProperties) = preSolution
		HideSolutionNode = FALSE
	EndGlobalSection
	GlobalSection(ExtensibilityGlobals) = postSolution
		SolutionGuid = {9C7A5E63-5557-4348-A0A2-C4BDD1EFAFFF}
	EndGlobalSection
EndGlobal
